
Microsoft Visual Studio Solution File, Format Version 12.00
# Visual Studio 15
VisualStudioVersion = 15.0.26430.16
MinimumVisualStudioVersion = 10.0.40219.1
Project("{FAE04EC0-301F-11D3-BF4B-00C04F79EFBC}") = "DH.BloubulLE.iOS", "BloubulLE.iOS\DH.BloubulLE.iOS.csproj", "{00F27EFE-B8A3-4FD3-BC1F-1179FA7D91B9}"
EndProject
Project("{FAE04EC0-301F-11D3-BF4B-00C04F79EFBC}") = "DH.BloubulLE.Android", "BloubulLE.Android\DH.BloubulLE.Android.csproj", "{80C10C11-6FCB-4038-B029-A700039E8F99}"
EndProject
Project("{FAE04EC0-301F-11D3-BF4B-00C04F79EFBC}") = "DH.BloubulLE.UWP", "BloubulLE.UWP\DH.BloubulLE.UWP.csproj", "{CCD85512-A2D7-4076-B31D-7A24829058AF}"
EndProject
Project("{9A19103F-16F7-4668-BE54-9A1E7A4F7556}") = "DH.BlouebulLE", "BloubulLE\DH.BlouebulLE.csproj", "{E8B75772-8864-44A5-A1EC-251E17E709F4}"
EndProject
Project("{9A19103F-16F7-4668-BE54-9A1E7A4F7556}") = "DH.BloubulLE.Tests", "BloubulLE.Tests\DH.BloubulLE.Tests.csproj", "{4FDE5BB3-232D-4159-BB7B-F382BEA6643E}"
EndProject
Global
	GlobalSection(SolutionConfigurationPlatforms) = preSolution
		Ad-Hoc|Any CPU = Ad-Hoc|Any CPU
		Ad-Hoc|ARM = Ad-Hoc|ARM
		Ad-Hoc|iPhone = Ad-Hoc|iPhone
		Ad-Hoc|iPhoneSimulator = Ad-Hoc|iPhoneSimulator
		Ad-Hoc|x64 = Ad-Hoc|x64
		Ad-Hoc|x86 = Ad-Hoc|x86
		AppStore|Any CPU = AppStore|Any CPU
		AppStore|ARM = AppStore|ARM
		AppStore|iPhone = AppStore|iPhone
		AppStore|iPhoneSimulator = AppStore|iPhoneSimulator
		AppStore|x64 = AppStore|x64
		AppStore|x86 = AppStore|x86
		Debug|Any CPU = Debug|Any CPU
		Debug|ARM = Debug|ARM
		Debug|iPhone = Debug|iPhone
		Debug|iPhoneSimulator = Debug|iPhoneSimulator
		Debug|x64 = Debug|x64
		Debug|x86 = Debug|x86
		Release|Any CPU = Release|Any CPU
		Release|ARM = Release|ARM
		Release|iPhone = Release|iPhone
		Release|iPhoneSimulator = Release|iPhoneSimulator
		Release|x64 = Release|x64
		Release|x86 = Release|x86
	EndGlobalSection
	GlobalSection(ProjectConfigurationPlatforms) = postSolution
		{00F27EFE-B8A3-4FD3-BC1F-1179FA7D91B9}.Ad-Hoc|Any CPU.ActiveCfg = Release|Any CPU
		{00F27EFE-B8A3-4FD3-BC1F-1179FA7D91B9}.Ad-Hoc|Any CPU.Build.0 = Release|Any CPU
		{00F27EFE-B8A3-4FD3-BC1F-1179FA7D91B9}.Ad-Hoc|ARM.ActiveCfg = Release|Any CPU
		{00F27EFE-B8A3-4FD3-BC1F-1179FA7D91B9}.Ad-Hoc|ARM.Build.0 = Release|Any CPU
		{00F27EFE-B8A3-4FD3-BC1F-1179FA7D91B9}.Ad-Hoc|iPhone.ActiveCfg = Release|Any CPU
		{00F27EFE-B8A3-4FD3-BC1F-1179FA7D91B9}.Ad-Hoc|iPhone.Build.0 = Release|Any CPU
		{00F27EFE-B8A3-4FD3-BC1F-1179FA7D91B9}.Ad-Hoc|iPhoneSimulator.ActiveCfg = Release|Any CPU
		{00F27EFE-B8A3-4FD3-BC1F-1179FA7D91B9}.Ad-Hoc|iPhoneSimulator.Build.0 = Release|Any CPU
		{00F27EFE-B8A3-4FD3-BC1F-1179FA7D91B9}.Ad-Hoc|x64.ActiveCfg = Release|Any CPU
		{00F27EFE-B8A3-4FD3-BC1F-1179FA7D91B9}.Ad-Hoc|x64.Build.0 = Release|Any CPU
		{00F27EFE-B8A3-4FD3-BC1F-1179FA7D91B9}.Ad-Hoc|x86.ActiveCfg = Release|Any CPU
		{00F27EFE-B8A3-4FD3-BC1F-1179FA7D91B9}.Ad-Hoc|x86.Build.0 = Release|Any CPU
		{00F27EFE-B8A3-4FD3-BC1F-1179FA7D91B9}.AppStore|Any CPU.ActiveCfg = Release|Any CPU
		{00F27EFE-B8A3-4FD3-BC1F-1179FA7D91B9}.AppStore|Any CPU.Build.0 = Release|Any CPU
		{00F27EFE-B8A3-4FD3-BC1F-1179FA7D91B9}.AppStore|ARM.ActiveCfg = Release|Any CPU
		{00F27EFE-B8A3-4FD3-BC1F-1179FA7D91B9}.AppStore|ARM.Build.0 = Release|Any CPU
		{00F27EFE-B8A3-4FD3-BC1F-1179FA7D91B9}.AppStore|iPhone.ActiveCfg = Release|Any CPU
		{00F27EFE-B8A3-4FD3-BC1F-1179FA7D91B9}.AppStore|iPhone.Build.0 = Release|Any CPU
		{00F27EFE-B8A3-4FD3-BC1F-1179FA7D91B9}.AppStore|iPhoneSimulator.ActiveCfg = Release|Any CPU
		{00F27EFE-B8A3-4FD3-BC1F-1179FA7D91B9}.AppStore|iPhoneSimulator.Build.0 = Release|Any CPU
		{00F27EFE-B8A3-4FD3-BC1F-1179FA7D91B9}.AppStore|x64.ActiveCfg = Release|Any CPU
		{00F27EFE-B8A3-4FD3-BC1F-1179FA7D91B9}.AppStore|x64.Build.0 = Release|Any CPU
		{00F27EFE-B8A3-4FD3-BC1F-1179FA7D91B9}.AppStore|x86.ActiveCfg = Release|Any CPU
		{00F27EFE-B8A3-4FD3-BC1F-1179FA7D91B9}.AppStore|x86.Build.0 = Release|Any CPU
		{00F27EFE-B8A3-4FD3-BC1F-1179FA7D91B9}.Debug|Any CPU.ActiveCfg = Debug|Any CPU
		{00F27EFE-B8A3-4FD3-BC1F-1179FA7D91B9}.Debug|Any CPU.Build.0 = Debug|Any CPU
		{00F27EFE-B8A3-4FD3-BC1F-1179FA7D91B9}.Debug|ARM.ActiveCfg = Debug|Any CPU
		{00F27EFE-B8A3-4FD3-BC1F-1179FA7D91B9}.Debug|ARM.Build.0 = Debug|Any CPU
		{00F27EFE-B8A3-4FD3-BC1F-1179FA7D91B9}.Debug|iPhone.ActiveCfg = Debug|Any CPU
		{00F27EFE-B8A3-4FD3-BC1F-1179FA7D91B9}.Debug|iPhone.Build.0 = Debug|Any CPU
		{00F27EFE-B8A3-4FD3-BC1F-1179FA7D91B9}.Debug|iPhoneSimulator.ActiveCfg = Debug|Any CPU
		{00F27EFE-B8A3-4FD3-BC1F-1179FA7D91B9}.Debug|iPhoneSimulator.Build.0 = Debug|Any CPU
		{00F27EFE-B8A3-4FD3-BC1F-1179FA7D91B9}.Debug|x64.ActiveCfg = Debug|Any CPU
		{00F27EFE-B8A3-4FD3-BC1F-1179FA7D91B9}.Debug|x64.Build.0 = Debug|Any CPU
		{00F27EFE-B8A3-4FD3-BC1F-1179FA7D91B9}.Debug|x86.ActiveCfg = Debug|Any CPU
		{00F27EFE-B8A3-4FD3-BC1F-1179FA7D91B9}.Debug|x86.Build.0 = Debug|Any CPU
		{00F27EFE-B8A3-4FD3-BC1F-1179FA7D91B9}.Release|Any CPU.ActiveCfg = Release|Any CPU
		{00F27EFE-B8A3-4FD3-BC1F-1179FA7D91B9}.Release|Any CPU.Build.0 = Release|Any CPU
		{00F27EFE-B8A3-4FD3-BC1F-1179FA7D91B9}.Release|ARM.ActiveCfg = Release|Any CPU
		{00F27EFE-B8A3-4FD3-BC1F-1179FA7D91B9}.Release|ARM.Build.0 = Release|Any CPU
		{00F27EFE-B8A3-4FD3-BC1F-1179FA7D91B9}.Release|iPhone.ActiveCfg = Release|Any CPU
		{00F27EFE-B8A3-4FD3-BC1F-1179FA7D91B9}.Release|iPhone.Build.0 = Release|Any CPU
		{00F27EFE-B8A3-4FD3-BC1F-1179FA7D91B9}.Release|iPhoneSimulator.ActiveCfg = Release|Any CPU
		{00F27EFE-B8A3-4FD3-BC1F-1179FA7D91B9}.Release|iPhoneSimulator.Build.0 = Release|Any CPU
		{00F27EFE-B8A3-4FD3-BC1F-1179FA7D91B9}.Release|x64.ActiveCfg = Release|Any CPU
		{00F27EFE-B8A3-4FD3-BC1F-1179FA7D91B9}.Release|x64.Build.0 = Release|Any CPU
		{00F27EFE-B8A3-4FD3-BC1F-1179FA7D91B9}.Release|x86.ActiveCfg = Release|Any CPU
		{00F27EFE-B8A3-4FD3-BC1F-1179FA7D91B9}.Release|x86.Build.0 = Release|Any CPU
		{80C10C11-6FCB-4038-B029-A700039E8F99}.Ad-Hoc|Any CPU.ActiveCfg = Release|Any CPU
		{80C10C11-6FCB-4038-B029-A700039E8F99}.Ad-Hoc|Any CPU.Build.0 = Release|Any CPU
		{80C10C11-6FCB-4038-B029-A700039E8F99}.Ad-Hoc|ARM.ActiveCfg = Release|Any CPU
		{80C10C11-6FCB-4038-B029-A700039E8F99}.Ad-Hoc|ARM.Build.0 = Release|Any CPU
		{80C10C11-6FCB-4038-B029-A700039E8F99}.Ad-Hoc|iPhone.ActiveCfg = Release|Any CPU
		{80C10C11-6FCB-4038-B029-A700039E8F99}.Ad-Hoc|iPhone.Build.0 = Release|Any CPU
		{80C10C11-6FCB-4038-B029-A700039E8F99}.Ad-Hoc|iPhoneSimulator.ActiveCfg = Release|Any CPU
		{80C10C11-6FCB-4038-B029-A700039E8F99}.Ad-Hoc|iPhoneSimulator.Build.0 = Release|Any CPU
		{80C10C11-6FCB-4038-B029-A700039E8F99}.Ad-Hoc|x64.ActiveCfg = Release|Any CPU
		{80C10C11-6FCB-4038-B029-A700039E8F99}.Ad-Hoc|x64.Build.0 = Release|Any CPU
		{80C10C11-6FCB-4038-B029-A700039E8F99}.Ad-Hoc|x86.ActiveCfg = Release|Any CPU
		{80C10C11-6FCB-4038-B029-A700039E8F99}.Ad-Hoc|x86.Build.0 = Release|Any CPU
		{80C10C11-6FCB-4038-B029-A700039E8F99}.AppStore|Any CPU.ActiveCfg = Release|Any CPU
		{80C10C11-6FCB-4038-B029-A700039E8F99}.AppStore|Any CPU.Build.0 = Release|Any CPU
		{80C10C11-6FCB-4038-B029-A700039E8F99}.AppStore|ARM.ActiveCfg = Release|Any CPU
		{80C10C11-6FCB-4038-B029-A700039E8F99}.AppStore|ARM.Build.0 = Release|Any CPU
		{80C10C11-6FCB-4038-B029-A700039E8F99}.AppStore|iPhone.ActiveCfg = Release|Any CPU
		{80C10C11-6FCB-4038-B029-A700039E8F99}.AppStore|iPhone.Build.0 = Release|Any CPU
		{80C10C11-6FCB-4038-B029-A700039E8F99}.AppStore|iPhoneSimulator.ActiveCfg = Release|Any CPU
		{80C10C11-6FCB-4038-B029-A700039E8F99}.AppStore|iPhoneSimulator.Build.0 = Release|Any CPU
		{80C10C11-6FCB-4038-B029-A700039E8F99}.AppStore|x64.ActiveCfg = Release|Any CPU
		{80C10C11-6FCB-4038-B029-A700039E8F99}.AppStore|x64.Build.0 = Release|Any CPU
		{80C10C11-6FCB-4038-B029-A700039E8F99}.AppStore|x86.ActiveCfg = Release|Any CPU
		{80C10C11-6FCB-4038-B029-A700039E8F99}.AppStore|x86.Build.0 = Release|Any CPU
		{80C10C11-6FCB-4038-B029-A700039E8F99}.Debug|Any CPU.ActiveCfg = Debug|Any CPU
		{80C10C11-6FCB-4038-B029-A700039E8F99}.Debug|Any CPU.Build.0 = Debug|Any CPU
		{80C10C11-6FCB-4038-B029-A700039E8F99}.Debug|ARM.ActiveCfg = Debug|Any CPU
		{80C10C11-6FCB-4038-B029-A700039E8F99}.Debug|ARM.Build.0 = Debug|Any CPU
		{80C10C11-6FCB-4038-B029-A700039E8F99}.Debug|iPhone.ActiveCfg = Debug|Any CPU
		{80C10C11-6FCB-4038-B029-A700039E8F99}.Debug|iPhone.Build.0 = Debug|Any CPU
		{80C10C11-6FCB-4038-B029-A700039E8F99}.Debug|iPhoneSimulator.ActiveCfg = Debug|Any CPU
		{80C10C11-6FCB-4038-B029-A700039E8F99}.Debug|iPhoneSimulator.Build.0 = Debug|Any CPU
		{80C10C11-6FCB-4038-B029-A700039E8F99}.Debug|x64.ActiveCfg = Debug|Any CPU
		{80C10C11-6FCB-4038-B029-A700039E8F99}.Debug|x64.Build.0 = Debug|Any CPU
		{80C10C11-6FCB-4038-B029-A700039E8F99}.Debug|x86.ActiveCfg = Debug|Any CPU
		{80C10C11-6FCB-4038-B029-A700039E8F99}.Debug|x86.Build.0 = Debug|Any CPU
		{80C10C11-6FCB-4038-B029-A700039E8F99}.Release|Any CPU.ActiveCfg = Release|Any CPU
		{80C10C11-6FCB-4038-B029-A700039E8F99}.Release|Any CPU.Build.0 = Release|Any CPU
		{80C10C11-6FCB-4038-B029-A700039E8F99}.Release|ARM.ActiveCfg = Release|Any CPU
		{80C10C11-6FCB-4038-B029-A700039E8F99}.Release|ARM.Build.0 = Release|Any CPU
		{80C10C11-6FCB-4038-B029-A700039E8F99}.Release|iPhone.ActiveCfg = Release|Any CPU
		{80C10C11-6FCB-4038-B029-A700039E8F99}.Release|iPhone.Build.0 = Release|Any CPU
		{80C10C11-6FCB-4038-B029-A700039E8F99}.Release|iPhoneSimulator.ActiveCfg = Release|Any CPU
		{80C10C11-6FCB-4038-B029-A700039E8F99}.Release|iPhoneSimulator.Build.0 = Release|Any CPU
		{80C10C11-6FCB-4038-B029-A700039E8F99}.Release|x64.ActiveCfg = Release|Any CPU
		{80C10C11-6FCB-4038-B029-A700039E8F99}.Release|x64.Build.0 = Release|Any CPU
		{80C10C11-6FCB-4038-B029-A700039E8F99}.Release|x86.ActiveCfg = Release|Any CPU
		{80C10C11-6FCB-4038-B029-A700039E8F99}.Release|x86.Build.0 = Release|Any CPU
		{CCD85512-A2D7-4076-B31D-7A24829058AF}.Ad-Hoc|Any CPU.ActiveCfg = Release|Any CPU
		{CCD85512-A2D7-4076-B31D-7A24829058AF}.Ad-Hoc|Any CPU.Build.0 = Release|Any CPU
		{CCD85512-A2D7-4076-B31D-7A24829058AF}.Ad-Hoc|ARM.ActiveCfg = Release|ARM
		{CCD85512-A2D7-4076-B31D-7A24829058AF}.Ad-Hoc|ARM.Build.0 = Release|ARM
		{CCD85512-A2D7-4076-B31D-7A24829058AF}.Ad-Hoc|iPhone.ActiveCfg = Release|Any CPU
		{CCD85512-A2D7-4076-B31D-7A24829058AF}.Ad-Hoc|iPhone.Build.0 = Release|Any CPU
		{CCD85512-A2D7-4076-B31D-7A24829058AF}.Ad-Hoc|iPhoneSimulator.ActiveCfg = Release|Any CPU
		{CCD85512-A2D7-4076-B31D-7A24829058AF}.Ad-Hoc|iPhoneSimulator.Build.0 = Release|Any CPU
		{CCD85512-A2D7-4076-B31D-7A24829058AF}.Ad-Hoc|x64.ActiveCfg = Release|x64
		{CCD85512-A2D7-4076-B31D-7A24829058AF}.Ad-Hoc|x64.Build.0 = Release|x64
		{CCD85512-A2D7-4076-B31D-7A24829058AF}.Ad-Hoc|x86.ActiveCfg = Release|x86
		{CCD85512-A2D7-4076-B31D-7A24829058AF}.Ad-Hoc|x86.Build.0 = Release|x86
		{CCD85512-A2D7-4076-B31D-7A24829058AF}.AppStore|Any CPU.ActiveCfg = Release|Any CPU
		{CCD85512-A2D7-4076-B31D-7A24829058AF}.AppStore|Any CPU.Build.0 = Release|Any CPU
		{CCD85512-A2D7-4076-B31D-7A24829058AF}.AppStore|ARM.ActiveCfg = Release|ARM
		{CCD85512-A2D7-4076-B31D-7A24829058AF}.AppStore|ARM.Build.0 = Release|ARM
		{CCD85512-A2D7-4076-B31D-7A24829058AF}.AppStore|iPhone.ActiveCfg = Release|Any CPU
		{CCD85512-A2D7-4076-B31D-7A24829058AF}.AppStore|iPhone.Build.0 = Release|Any CPU
		{CCD85512-A2D7-4076-B31D-7A24829058AF}.AppStore|iPhoneSimulator.ActiveCfg = Release|Any CPU
		{CCD85512-A2D7-4076-B31D-7A24829058AF}.AppStore|iPhoneSimulator.Build.0 = Release|Any CPU
		{CCD85512-A2D7-4076-B31D-7A24829058AF}.AppStore|x64.ActiveCfg = Release|x64
		{CCD85512-A2D7-4076-B31D-7A24829058AF}.AppStore|x64.Build.0 = Release|x64
		{CCD85512-A2D7-4076-B31D-7A24829058AF}.AppStore|x86.ActiveCfg = Release|x86
		{CCD85512-A2D7-4076-B31D-7A24829058AF}.AppStore|x86.Build.0 = Release|x86
		{CCD85512-A2D7-4076-B31D-7A24829058AF}.Debug|Any CPU.ActiveCfg = Debug|Any CPU
		{CCD85512-A2D7-4076-B31D-7A24829058AF}.Debug|Any CPU.Build.0 = Debug|Any CPU
		{CCD85512-A2D7-4076-B31D-7A24829058AF}.Debug|ARM.ActiveCfg = Debug|ARM
		{CCD85512-A2D7-4076-B31D-7A24829058AF}.Debug|ARM.Build.0 = Debug|ARM
		{CCD85512-A2D7-4076-B31D-7A24829058AF}.Debug|iPhone.ActiveCfg = Debug|Any CPU
		{CCD85512-A2D7-4076-B31D-7A24829058AF}.Debug|iPhone.Build.0 = Debug|Any CPU
		{CCD85512-A2D7-4076-B31D-7A24829058AF}.Debug|iPhoneSimulator.ActiveCfg = Debug|Any CPU
		{CCD85512-A2D7-4076-B31D-7A24829058AF}.Debug|iPhoneSimulator.Build.0 = Debug|Any CPU
		{CCD85512-A2D7-4076-B31D-7A24829058AF}.Debug|x64.ActiveCfg = Debug|x64
		{CCD85512-A2D7-4076-B31D-7A24829058AF}.Debug|x64.Build.0 = Debug|x64
		{CCD85512-A2D7-4076-B31D-7A24829058AF}.Debug|x86.ActiveCfg = Debug|x86
		{CCD85512-A2D7-4076-B31D-7A24829058AF}.Debug|x86.Build.0 = Debug|x86
		{CCD85512-A2D7-4076-B31D-7A24829058AF}.Release|Any CPU.ActiveCfg = Release|Any CPU
		{CCD85512-A2D7-4076-B31D-7A24829058AF}.Release|Any CPU.Build.0 = Release|Any CPU
		{CCD85512-A2D7-4076-B31D-7A24829058AF}.Release|ARM.ActiveCfg = Release|ARM
		{CCD85512-A2D7-4076-B31D-7A24829058AF}.Release|ARM.Build.0 = Release|ARM
		{CCD85512-A2D7-4076-B31D-7A24829058AF}.Release|iPhone.ActiveCfg = Release|Any CPU
		{CCD85512-A2D7-4076-B31D-7A24829058AF}.Release|iPhone.Build.0 = Release|Any CPU
		{CCD85512-A2D7-4076-B31D-7A24829058AF}.Release|iPhoneSimulator.ActiveCfg = Release|Any CPU
		{CCD85512-A2D7-4076-B31D-7A24829058AF}.Release|iPhoneSimulator.Build.0 = Release|Any CPU
		{CCD85512-A2D7-4076-B31D-7A24829058AF}.Release|x64.ActiveCfg = Release|x64
		{CCD85512-A2D7-4076-B31D-7A24829058AF}.Release|x64.Build.0 = Release|x64
		{CCD85512-A2D7-4076-B31D-7A24829058AF}.Release|x86.ActiveCfg = Release|x86
		{CCD85512-A2D7-4076-B31D-7A24829058AF}.Release|x86.Build.0 = Release|x86
		{E8B75772-8864-44A5-A1EC-251E17E709F4}.Ad-Hoc|Any CPU.ActiveCfg = Debug|Any CPU
		{E8B75772-8864-44A5-A1EC-251E17E709F4}.Ad-Hoc|Any CPU.Build.0 = Debug|Any CPU
		{E8B75772-8864-44A5-A1EC-251E17E709F4}.Ad-Hoc|ARM.ActiveCfg = Debug|Any CPU
		{E8B75772-8864-44A5-A1EC-251E17E709F4}.Ad-Hoc|ARM.Build.0 = Debug|Any CPU
		{E8B75772-8864-44A5-A1EC-251E17E709F4}.Ad-Hoc|iPhone.ActiveCfg = Debug|Any CPU
		{E8B75772-8864-44A5-A1EC-251E17E709F4}.Ad-Hoc|iPhone.Build.0 = Debug|Any CPU
		{E8B75772-8864-44A5-A1EC-251E17E709F4}.Ad-Hoc|iPhoneSimulator.ActiveCfg = Debug|Any CPU
		{E8B75772-8864-44A5-A1EC-251E17E709F4}.Ad-Hoc|iPhoneSimulator.Build.0 = Debug|Any CPU
		{E8B75772-8864-44A5-A1EC-251E17E709F4}.Ad-Hoc|x64.ActiveCfg = Debug|Any CPU
		{E8B75772-8864-44A5-A1EC-251E17E709F4}.Ad-Hoc|x64.Build.0 = Debug|Any CPU
		{E8B75772-8864-44A5-A1EC-251E17E709F4}.Ad-Hoc|x86.ActiveCfg = Debug|Any CPU
		{E8B75772-8864-44A5-A1EC-251E17E709F4}.Ad-Hoc|x86.Build.0 = Debug|Any CPU
		{E8B75772-8864-44A5-A1EC-251E17E709F4}.AppStore|Any CPU.ActiveCfg = Debug|Any CPU
		{E8B75772-8864-44A5-A1EC-251E17E709F4}.AppStore|Any CPU.Build.0 = Debug|Any CPU
		{E8B75772-8864-44A5-A1EC-251E17E709F4}.AppStore|ARM.ActiveCfg = Debug|Any CPU
		{E8B75772-8864-44A5-A1EC-251E17E709F4}.AppStore|ARM.Build.0 = Debug|Any CPU
		{E8B75772-8864-44A5-A1EC-251E17E709F4}.AppStore|iPhone.ActiveCfg = Debug|Any CPU
		{E8B75772-8864-44A5-A1EC-251E17E709F4}.AppStore|iPhone.Build.0 = Debug|Any CPU
		{E8B75772-8864-44A5-A1EC-251E17E709F4}.AppStore|iPhoneSimulator.ActiveCfg = Debug|Any CPU
		{E8B75772-8864-44A5-A1EC-251E17E709F4}.AppStore|iPhoneSimulator.Build.0 = Debug|Any CPU
		{E8B75772-8864-44A5-A1EC-251E17E709F4}.AppStore|x64.ActiveCfg = Debug|Any CPU
		{E8B75772-8864-44A5-A1EC-251E17E709F4}.AppStore|x64.Build.0 = Debug|Any CPU
		{E8B75772-8864-44A5-A1EC-251E17E709F4}.AppStore|x86.ActiveCfg = Debug|Any CPU
		{E8B75772-8864-44A5-A1EC-251E17E709F4}.AppStore|x86.Build.0 = Debug|Any CPU
		{E8B75772-8864-44A5-A1EC-251E17E709F4}.Debug|Any CPU.ActiveCfg = Debug|Any CPU
		{E8B75772-8864-44A5-A1EC-251E17E709F4}.Debug|Any CPU.Build.0 = Debug|Any CPU
		{E8B75772-8864-44A5-A1EC-251E17E709F4}.Debug|ARM.ActiveCfg = Debug|Any CPU
		{E8B75772-8864-44A5-A1EC-251E17E709F4}.Debug|ARM.Build.0 = Debug|Any CPU
		{E8B75772-8864-44A5-A1EC-251E17E709F4}.Debug|iPhone.ActiveCfg = Debug|Any CPU
		{E8B75772-8864-44A5-A1EC-251E17E709F4}.Debug|iPhone.Build.0 = Debug|Any CPU
		{E8B75772-8864-44A5-A1EC-251E17E709F4}.Debug|iPhoneSimulator.ActiveCfg = Debug|Any CPU
		{E8B75772-8864-44A5-A1EC-251E17E709F4}.Debug|iPhoneSimulator.Build.0 = Debug|Any CPU
		{E8B75772-8864-44A5-A1EC-251E17E709F4}.Debug|x64.ActiveCfg = Debug|Any CPU
		{E8B75772-8864-44A5-A1EC-251E17E709F4}.Debug|x64.Build.0 = Debug|Any CPU
		{E8B75772-8864-44A5-A1EC-251E17E709F4}.Debug|x86.ActiveCfg = Debug|Any CPU
		{E8B75772-8864-44A5-A1EC-251E17E709F4}.Debug|x86.Build.0 = Debug|Any CPU
		{E8B75772-8864-44A5-A1EC-251E17E709F4}.Release|Any CPU.ActiveCfg = Release|Any CPU
		{E8B75772-8864-44A5-A1EC-251E17E709F4}.Release|Any CPU.Build.0 = Release|Any CPU
		{E8B75772-8864-44A5-A1EC-251E17E709F4}.Release|ARM.ActiveCfg = Release|Any CPU
		{E8B75772-8864-44A5-A1EC-251E17E709F4}.Release|ARM.Build.0 = Release|Any CPU
		{E8B75772-8864-44A5-A1EC-251E17E709F4}.Release|iPhone.ActiveCfg = Release|Any CPU
		{E8B75772-8864-44A5-A1EC-251E17E709F4}.Release|iPhone.Build.0 = Release|Any CPU
		{E8B75772-8864-44A5-A1EC-251E17E709F4}.Release|iPhoneSimulator.ActiveCfg = Release|Any CPU
		{E8B75772-8864-44A5-A1EC-251E17E709F4}.Release|iPhoneSimulator.Build.0 = Release|Any CPU
		{E8B75772-8864-44A5-A1EC-251E17E709F4}.Release|x64.ActiveCfg = Release|Any CPU
		{E8B75772-8864-44A5-A1EC-251E17E709F4}.Release|x64.Build.0 = Release|Any CPU
		{E8B75772-8864-44A5-A1EC-251E17E709F4}.Release|x86.ActiveCfg = Release|Any CPU
		{E8B75772-8864-44A5-A1EC-251E17E709F4}.Release|x86.Build.0 = Release|Any CPU
		{4FDE5BB3-232D-4159-BB7B-F382BEA6643E}.Ad-Hoc|Any CPU.ActiveCfg = Debug|Any CPU
		{4FDE5BB3-232D-4159-BB7B-F382BEA6643E}.Ad-Hoc|Any CPU.Build.0 = Debug|Any CPU
		{4FDE5BB3-232D-4159-BB7B-F382BEA6643E}.Ad-Hoc|ARM.ActiveCfg = Debug|Any CPU
		{4FDE5BB3-232D-4159-BB7B-F382BEA6643E}.Ad-Hoc|ARM.Build.0 = Debug|Any CPU
		{4FDE5BB3-232D-4159-BB7B-F382BEA6643E}.Ad-Hoc|iPhone.ActiveCfg = Debug|Any CPU
		{4FDE5BB3-232D-4159-BB7B-F382BEA6643E}.Ad-Hoc|iPhone.Build.0 = Debug|Any CPU
		{4FDE5BB3-232D-4159-BB7B-F382BEA6643E}.Ad-Hoc|iPhoneSimulator.ActiveCfg = Debug|Any CPU
		{4FDE5BB3-232D-4159-BB7B-F382BEA6643E}.Ad-Hoc|iPhoneSimulator.Build.0 = Debug|Any CPU
		{4FDE5BB3-232D-4159-BB7B-F382BEA6643E}.Ad-Hoc|x64.ActiveCfg = Debug|Any CPU
		{4FDE5BB3-232D-4159-BB7B-F382BEA6643E}.Ad-Hoc|x64.Build.0 = Debug|Any CPU
		{4FDE5BB3-232D-4159-BB7B-F382BEA6643E}.Ad-Hoc|x86.ActiveCfg = Debug|Any CPU
		{4FDE5BB3-232D-4159-BB7B-F382BEA6643E}.Ad-Hoc|x86.Build.0 = Debug|Any CPU
		{4FDE5BB3-232D-4159-BB7B-F382BEA6643E}.AppStore|Any CPU.ActiveCfg = Debug|Any CPU
		{4FDE5BB3-232D-4159-BB7B-F382BEA6643E}.AppStore|Any CPU.Build.0 = Debug|Any CPU
		{4FDE5BB3-232D-4159-BB7B-F382BEA6643E}.AppStore|ARM.ActiveCfg = Debug|Any CPU
		{4FDE5BB3-232D-4159-BB7B-F382BEA6643E}.AppStore|ARM.Build.0 = Debug|Any CPU
		{4FDE5BB3-232D-4159-BB7B-F382BEA6643E}.AppStore|iPhone.ActiveCfg = Debug|Any CPU
		{4FDE5BB3-232D-4159-BB7B-F382BEA6643E}.AppStore|iPhone.Build.0 = Debug|Any CPU
		{4FDE5BB3-232D-4159-BB7B-F382BEA6643E}.AppStore|iPhoneSimulator.ActiveCfg = Debug|Any CPU
		{4FDE5BB3-232D-4159-BB7B-F382BEA6643E}.AppStore|iPhoneSimulator.Build.0 = Debug|Any CPU
		{4FDE5BB3-232D-4159-BB7B-F382BEA6643E}.AppStore|x64.ActiveCfg = Debug|Any CPU
		{4FDE5BB3-232D-4159-BB7B-F382BEA6643E}.AppStore|x64.Build.0 = Debug|Any CPU
		{4FDE5BB3-232D-4159-BB7B-F382BEA6643E}.AppStore|x86.ActiveCfg = Debug|Any CPU
		{4FDE5BB3-232D-4159-BB7B-F382BEA6643E}.AppStore|x86.Build.0 = Debug|Any CPU
		{4FDE5BB3-232D-4159-BB7B-F382BEA6643E}.Debug|Any CPU.ActiveCfg = Debug|Any CPU
		{4FDE5BB3-232D-4159-BB7B-F382BEA6643E}.Debug|Any CPU.Build.0 = Debug|Any CPU
		{4FDE5BB3-232D-4159-BB7B-F382BEA6643E}.Debug|ARM.ActiveCfg = Debug|Any CPU
		{4FDE5BB3-232D-4159-BB7B-F382BEA6643E}.Debug|ARM.Build.0 = Debug|Any CPU
		{4FDE5BB3-232D-4159-BB7B-F382BEA6643E}.Debug|iPhone.ActiveCfg = Debug|Any CPU
		{4FDE5BB3-232D-4159-BB7B-F382BEA6643E}.Debug|iPhone.Build.0 = Debug|Any CPU
		{4FDE5BB3-232D-4159-BB7B-F382BEA6643E}.Debug|iPhoneSimulator.ActiveCfg = Debug|Any CPU
		{4FDE5BB3-232D-4159-BB7B-F382BEA6643E}.Debug|iPhoneSimulator.Build.0 = Debug|Any CPU
		{4FDE5BB3-232D-4159-BB7B-F382BEA6643E}.Debug|x64.ActiveCfg = Debug|Any CPU
		{4FDE5BB3-232D-4159-BB7B-F382BEA6643E}.Debug|x64.Build.0 = Debug|Any CPU
		{4FDE5BB3-232D-4159-BB7B-F382BEA6643E}.Debug|x86.ActiveCfg = Debug|Any CPU
		{4FDE5BB3-232D-4159-BB7B-F382BEA6643E}.Debug|x86.Build.0 = Debug|Any CPU
		{4FDE5BB3-232D-4159-BB7B-F382BEA6643E}.Release|Any CPU.ActiveCfg = Release|Any CPU
		{4FDE5BB3-232D-4159-BB7B-F382BEA6643E}.Release|Any CPU.Build.0 = Release|Any CPU
		{4FDE5BB3-232D-4159-BB7B-F382BEA6643E}.Release|ARM.ActiveCfg = Release|Any CPU
		{4FDE5BB3-232D-4159-BB7B-F382BEA6643E}.Release|ARM.Build.0 = Release|Any CPU
		{4FDE5BB3-232D-4159-BB7B-F382BEA6643E}.Release|iPhone.ActiveCfg = Release|Any CPU
		{4FDE5BB3-232D-4159-BB7B-F382BEA6643E}.Release|iPhone.Build.0 = Release|Any CPU
		{4FDE5BB3-232D-4159-BB7B-F382BEA6643E}.Release|iPhoneSimulator.ActiveCfg = Release|Any CPU
		{4FDE5BB3-232D-4159-BB7B-F382BEA6643E}.Release|iPhoneSimulator.Build.0 = Release|Any CPU
		{4FDE5BB3-232D-4159-BB7B-F382BEA6643E}.Release|x64.ActiveCfg = Release|Any CPU
		{4FDE5BB3-232D-4159-BB7B-F382BEA6643E}.Release|x64.Build.0 = Release|Any CPU
		{4FDE5BB3-232D-4159-BB7B-F382BEA6643E}.Release|x86.ActiveCfg = Release|Any CPU
		{4FDE5BB3-232D-4159-BB7B-F382BEA6643E}.Release|x86.Build.0 = Release|Any CPU
	EndGlobalSection
	GlobalSection(SolutionProperties) = preSolution
		HideSolutionNode = FALSE
	EndGlobalSection
	GlobalSection(ExtensibilityGlobals) = postSolution
		SolutionGuid = {AAA048E3-624F-442B-9144-1B2E9BC084A6}
	EndGlobalSection
EndGlobal
